
Microsoft Visual Studio Solution File, Format Version 11.00
# Visual Studio 2010
Project("{FAE04EC0-301F-11D3-BF4B-00C04F79EFBC}") = "cal2", "cal2\cal2.csproj", "{E408CC65-CDF0-4651-A9F0-A0310457B3CA}"
EndProject
Global
	GlobalSection(SolutionConfigurationPlatforms) = preSolution
		Debug|Any CPU = Debug|Any CPU
		Release|Any CPU = Release|Any CPU
	EndGlobalSection
	GlobalSection(ProjectConfigurationPlatforms) = postSolution
		{E408CC65-CDF0-4651-A9F0-A0310457B3CA}.Debug|Any CPU.ActiveCfg = Debug|Any CPU
		{E408CC65-CDF0-4651-A9F0-A0310457B3CA}.Debug|Any CPU.Build.0 = Debug|Any CPU
		{E408CC65-CDF0-4651-A9F0-A0310457B3CA}.Release|Any CPU.ActiveCfg = Release|Any CPU
		{E408CC65-CDF0-4651-A9F0-A0310457B3CA}.Release|Any CPU.Build.0 = Release|Any CPU
	EndGlobalSection
	GlobalSection(MonoDevelopProperties) = preSolution
		StartupItem = cal2\cal2.csproj
	EndGlobalSection
EndGlobal
